
Microsoft Visual Studio Solution File, Format Version 12.00
# Visual Studio Version 17
VisualStudioVersion = 17.6.33723.286
MinimumVisualStudioVersion = 10.0.40219.1
Project("{FAE04EC0-301F-11D3-BF4B-00C04F79EFBC}") = "work-then-travel-api", "work-then-travel-api\work-then-travel-api.csproj", "{BFD56248-B1A6-414A-ADB5-226B6C6630F1}"
EndProject
Global
	GlobalSection(SolutionConfigurationPlatforms) = preSolution
		Debug|Any CPU = Debug|Any CPU
		Release|Any CPU = Release|Any CPU
	EndGlobalSection
	GlobalSection(ProjectConfigurationPlatforms) = postSolution
		{BFD56248-B1A6-414A-ADB5-226B6C6630F1}.Debug|Any CPU.ActiveCfg = Debug|Any CPU
		{BFD56248-B1A6-414A-ADB5-226B6C6630F1}.Debug|Any CPU.Build.0 = Debug|Any CPU
		{BFD56248-B1A6-414A-ADB5-226B6C6630F1}.Release|Any CPU.ActiveCfg = Release|Any CPU
		{BFD56248-B1A6-414A-ADB5-226B6C6630F1}.Release|Any CPU.Build.0 = Release|Any CPU
	EndGlobalSection
	GlobalSection(SolutionProperties) = preSolution
		HideSolutionNode = FALSE
	EndGlobalSection
	GlobalSection(ExtensibilityGlobals) = postSolution
		SolutionGuid = {B177B8CC-5B20-4700-BB61-C1AD466CEF5C}
	EndGlobalSection
EndGlobal
